Microsoft Visual Studio Solution File, Format Version 12.00
# Visual Studio 2012
Project("{FAE04EC0-301F-11D3-BF4B-00C04F79EFBC}") = "Aliathol-Project", "Aliathol-Project.csproj", "{58E15755-A1B5-492B-9024-7975CD9ACB4A}"
EndProject
Global
	GlobalSection(SolutionConfigurationPlatforms) = preSolution
	Debug|Any CPU = Debug|Any CPU
	ExportDebug|Any CPU = ExportDebug|Any CPU
	ExportRelease|Any CPU = ExportRelease|Any CPU
	EndGlobalSection
	GlobalSection(ProjectConfigurationPlatforms) = postSolution
		{58E15755-A1B5-492B-9024-7975CD9ACB4A}.Debug|Any CPU.ActiveCfg = Debug|Any CPU
		{58E15755-A1B5-492B-9024-7975CD9ACB4A}.Debug|Any CPU.Build.0 = Debug|Any CPU
		{58E15755-A1B5-492B-9024-7975CD9ACB4A}.ExportDebug|Any CPU.ActiveCfg = ExportDebug|Any CPU
		{58E15755-A1B5-492B-9024-7975CD9ACB4A}.ExportDebug|Any CPU.Build.0 = ExportDebug|Any CPU
		{58E15755-A1B5-492B-9024-7975CD9ACB4A}.ExportRelease|Any CPU.ActiveCfg = ExportRelease|Any CPU
		{58E15755-A1B5-492B-9024-7975CD9ACB4A}.ExportRelease|Any CPU.Build.0 = ExportRelease|Any CPU
	EndGlobalSection
EndGlobal
